
Microsoft Visual Studio Solution File, Format Version 12.00
# Visual Studio 15
Project("{FAE04EC0-301F-11D3-BF4B-00C04F79EFBC}") = "Assembly-CSharp", "Assembly-CSharp.csproj", "{5D8936E7-7F03-7B8F-F3A0-00AC08541B13}"
EndProject
Project("{FAE04EC0-301F-11D3-BF4B-00C04F79EFBC}") = "Assembly-CSharp-firstpass", "Assembly-CSharp-firstpass.csproj", "{C0E3D26E-4E7B-6A5A-AC45-2305A1386537}"
EndProject
Project("{FAE04EC0-301F-11D3-BF4B-00C04F79EFBC}") = "Assembly-CSharp-Editor-firstpass", "Assembly-CSharp-Editor-firstpass.csproj", "{2AE29631-52F4-890C-C0ED-4BA05C860CD0}"
EndProject
Global
	GlobalSection(SolutionConfigurationPlatforms) = preSolution
		Debug|Any CPU = Debug|Any CPU
		Release|Any CPU = Release|Any CPU
	EndGlobalSection
	GlobalSection(ProjectConfigurationPlatforms) = postSolution
		{5D8936E7-7F03-7B8F-F3A0-00AC08541B13}.Debug|Any CPU.ActiveCfg = Debug|Any CPU
		{5D8936E7-7F03-7B8F-F3A0-00AC08541B13}.Debug|Any CPU.Build.0 = Debug|Any CPU
		{5D8936E7-7F03-7B8F-F3A0-00AC08541B13}.Release|Any CPU.ActiveCfg = Release|Any CPU
		{5D8936E7-7F03-7B8F-F3A0-00AC08541B13}.Release|Any CPU.Build.0 = Release|Any CPU
		{C0E3D26E-4E7B-6A5A-AC45-2305A1386537}.Debug|Any CPU.ActiveCfg = Debug|Any CPU
		{C0E3D26E-4E7B-6A5A-AC45-2305A1386537}.Debug|Any CPU.Build.0 = Debug|Any CPU
		{C0E3D26E-4E7B-6A5A-AC45-2305A1386537}.Release|Any CPU.ActiveCfg = Release|Any CPU
		{C0E3D26E-4E7B-6A5A-AC45-2305A1386537}.Release|Any CPU.Build.0 = Release|Any CPU
		{2AE29631-52F4-890C-C0ED-4BA05C860CD0}.Debug|Any CPU.ActiveCfg = Debug|Any CPU
		{2AE29631-52F4-890C-C0ED-4BA05C860CD0}.Debug|Any CPU.Build.0 = Debug|Any CPU
		{2AE29631-52F4-890C-C0ED-4BA05C860CD0}.Release|Any CPU.ActiveCfg = Release|Any CPU
		{2AE29631-52F4-890C-C0ED-4BA05C860CD0}.Release|Any CPU.Build.0 = Release|Any CPU
	EndGlobalSection
	GlobalSection(SolutionProperties) = preSolution
		HideSolutionNode = FALSE
	EndGlobalSection
EndGlobal
